// !$*UTF8*$!
{
	archiveVersion = 1;
	classes = {
	};
	objectVersion = 55;
	objects = {

/* Begin PBXBuildFile section */
		5519716828B6660A00F03457 /* Pub.swift in Sources */ = {isa = PBXBuildFile; fileRef = 5519716728B6660A00F03457 /* Pub.swift */; };
		552CAE3028A56AF70074FABE /* HelloForm.docc in Sources */ = {isa = PBXBuildFile; fileRef = 552CAE2F28A56AF70074FABE /* HelloForm.docc */; };
		552CAE3628A56AF70074FABE /* HelloForm.framework in Frameworks */ = {isa = PBXBuildFile; fileRef = 552CAE2B28A56AF70074FABE /* HelloForm.framework */; };
		552CAE3B28A56AF70074FABE /* HelloFormTests.swift in Sources */ = {isa = PBXBuildFile; fileRef = 552CAE3A28A56AF70074FABE /* HelloFormTests.swift */; };
		552CAE3C28A56AF70074FABE /* HelloForm.h in Headers */ = {isa = PBXBuildFile; fileRef = 552CAE2E28A56AF70074FABE /* HelloForm.h */; settings = {ATTRIBUTES = (Public, ); }; };
		552CAE4C28A56B0B0074FABE /* AppDelegate.swift in Sources */ = {isa = PBXBuildFile; fileRef = 552CAE4B28A56B0B0074FABE /* AppDelegate.swift */; };
		552CAE4E28A56B0B0074FABE /* SceneDelegate.swift in Sources */ = {isa = PBXBuildFile; fileRef = 552CAE4D28A56B0B0074FABE /* SceneDelegate.swift */; };
		552CAE5028A56B0B0074FABE /* ViewController.swift in Sources */ = {isa = PBXBuildFile; fileRef = 552CAE4F28A56B0B0074FABE /* ViewController.swift */; };
		552CAE5528A56B0E0074FABE /* Assets.xcassets in Resources */ = {isa = PBXBuildFile; fileRef = 552CAE5428A56B0E0074FABE /* Assets.xcassets */; };
		552CAE5828A56B0E0074FABE /* LaunchScreen.storyboard in Resources */ = {isa = PBXBuildFile; fileRef = 552CAE5628A56B0E0074FABE /* LaunchScreen.storyboard */; };
		552CAE6328A56B0E0074FABE /* HelloFormExampleTests.swift in Sources */ = {isa = PBXBuildFile; fileRef = 552CAE6228A56B0E0074FABE /* HelloFormExampleTests.swift */; };
		552CAE6D28A56B0E0074FABE /* HelloFormExampleUITests.swift in Sources */ = {isa = PBXBuildFile; fileRef = 552CAE6C28A56B0E0074FABE /* HelloFormExampleUITests.swift */; };
		552CAE6F28A56B0E0074FABE /* HelloFormExampleUITestsLaunchTests.swift in Sources */ = {isa = PBXBuildFile; fileRef = 552CAE6E28A56B0E0074FABE /* HelloFormExampleUITestsLaunchTests.swift */; };
		552CAE8528A56F8A0074FABE /* FormSectionBuilder.swift in Sources */ = {isa = PBXBuildFile; fileRef = 552CAE8228A56F8A0074FABE /* FormSectionBuilder.swift */; };
		552CAE8628A56F8A0074FABE /* ViewBuilder.swift in Sources */ = {isa = PBXBuildFile; fileRef = 552CAE8328A56F8A0074FABE /* ViewBuilder.swift */; };
		552CAE8728A56F8A0074FABE /* FormBuilder.swift in Sources */ = {isa = PBXBuildFile; fileRef = 552CAE8428A56F8A0074FABE /* FormBuilder.swift */; };
		552CAE8F28A56F960074FABE /* TextRow.swift in Sources */ = {isa = PBXBuildFile; fileRef = 552CAE8828A56F950074FABE /* TextRow.swift */; };
		552CAE9028A56F960074FABE /* SliderRow.swift in Sources */ = {isa = PBXBuildFile; fileRef = 552CAE8928A56F950074FABE /* SliderRow.swift */; };
		552CAE9128A56F960074FABE /* TextFieldRow.swift in Sources */ = {isa = PBXBuildFile; fileRef = 552CAE8A28A56F960074FABE /* TextFieldRow.swift */; };
		552CAE9228A56F960074FABE /* TitleDescriptionRow.swift in Sources */ = {isa = PBXBuildFile; fileRef = 552CAE8B28A56F960074FABE /* TitleDescriptionRow.swift */; };
		552CAE9328A56F960074FABE /* SwitchRow.swift in Sources */ = {isa = PBXBuildFile; fileRef = 552CAE8C28A56F960074FABE /* SwitchRow.swift */; };
		552CAE9428A56F960074FABE /* CustomRow.swift in Sources */ = {isa = PBXBuildFile; fileRef = 552CAE8D28A56F960074FABE /* CustomRow.swift */; };
		552CAE9528A56F960074FABE /* StepperRow.swift in Sources */ = {isa = PBXBuildFile; fileRef = 552CAE8E28A56F960074FABE /* StepperRow.swift */; };
		552CAE9828A56F9E0074FABE /* UIView+Extensions.swift in Sources */ = {isa = PBXBuildFile; fileRef = 552CAE9628A56F9E0074FABE /* UIView+Extensions.swift */; };
		552CAE9928A56F9E0074FABE /* UITableViewCell+Extensions.swift in Sources */ = {isa = PBXBuildFile; fileRef = 552CAE9728A56F9E0074FABE /* UITableViewCell+Extensions.swift */; };
		552CAE9B28A56FA40074FABE /* UIFont+Extensions.swift in Sources */ = {isa = PBXBuildFile; fileRef = 552CAE9A28A56FA40074FABE /* UIFont+Extensions.swift */; };
		552CAE9F28A56FB00074FABE /* Identifiable.swift in Sources */ = {isa = PBXBuildFile; fileRef = 552CAE9C28A56FAF0074FABE /* Identifiable.swift */; };
		552CAEA028A56FB00074FABE /* Observable.swift in Sources */ = {isa = PBXBuildFile; fileRef = 552CAE9D28A56FAF0074FABE /* Observable.swift */; };
		552CAEA128A56FB00074FABE /* Either.swift in Sources */ = {isa = PBXBuildFile; fileRef = 552CAE9E28A56FAF0074FABE /* Either.swift */; };
		552CAEA928A56FB80074FABE /* TextFieldModifier.swift in Sources */ = {isa = PBXBuildFile; fileRef = 552CAEA228A56FB70074FABE /* TextFieldModifier.swift */; };
		552CAEAA28A56FB80074FABE /* RowModifier.swift in Sources */ = {isa = PBXBuildFile; fileRef = 552CAEA328A56FB70074FABE /* RowModifier.swift */; };
		552CAEAB28A56FB80074FABE /* SectionModifier.swift in Sources */ = {isa = PBXBuildFile; fileRef = 552CAEA428A56FB70074FABE /* SectionModifier.swift */; };
		552CAEAC28A56FB80074FABE /* StepperRowModifier.swift in Sources */ = {isa = PBXBuildFile; fileRef = 552CAEA528A56FB70074FABE /* StepperRowModifier.swift */; };
		552CAEAD28A56FB80074FABE /* TextRowModifier.swift in Sources */ = {isa = PBXBuildFile; fileRef = 552CAEA628A56FB70074FABE /* TextRowModifier.swift */; };
		552CAEAE28A56FB80074FABE /* SwitchRowModifier.swift in Sources */ = {isa = PBXBuildFile; fileRef = 552CAEA728A56FB70074FABE /* SwitchRowModifier.swift */; };
		552CAEAF28A56FB80074FABE /* TextDescriptionRowModifier.swift in Sources */ = {isa = PBXBuildFile; fileRef = 552CAEA828A56FB80074FABE /* TextDescriptionRowModifier.swift */; };
		552CAEB228A56FBF0074FABE /* FormRow.swift in Sources */ = {isa = PBXBuildFile; fileRef = 552CAEB028A56FBF0074FABE /* FormRow.swift */; };
		552CAEB328A56FBF0074FABE /* FormSection.swift in Sources */ = {isa = PBXBuildFile; fileRef = 552CAEB128A56FBF0074FABE /* FormSection.swift */; };
		552CAEBD28A56FCC0074FABE /* SwitchRowTableViewCell.swift in Sources */ = {isa = PBXBuildFile; fileRef = 552CAEB428A56FCB0074FABE /* SwitchRowTableViewCell.swift */; };
		552CAEBE28A56FCC0074FABE /* DefaultTitleDescriptionRowTableViewCell.swift in Sources */ = {isa = PBXBuildFile; fileRef = 552CAEB528A56FCB0074FABE /* DefaultTitleDescriptionRowTableViewCell.swift */; };
		552CAEBF28A56FCC0074FABE /* TextRowTableViewCell.swift in Sources */ = {isa = PBXBuildFile; fileRef = 552CAEB628A56FCB0074FABE /* TextRowTableViewCell.swift */; };
		552CAEC028A56FCC0074FABE /* TextFieldRowTableViewCell.swift in Sources */ = {isa = PBXBuildFile; fileRef = 552CAEB728A56FCB0074FABE /* TextFieldRowTableViewCell.swift */; };
		552CAEC128A56FCC0074FABE /* BaseTableViewCell.swift in Sources */ = {isa = PBXBuildFile; fileRef = 552CAEB828A56FCB0074FABE /* BaseTableViewCell.swift */; };
		552CAEC228A56FCC0074FABE /* CustomRowTableViewCell.swift in Sources */ = {isa = PBXBuildFile; fileRef = 552CAEB928A56FCB0074FABE /* CustomRowTableViewCell.swift */; };
		552CAEC328A56FCC0074FABE /* SliderRowTableViewCell.swift in Sources */ = {isa = PBXBuildFile; fileRef = 552CAEBA28A56FCC0074FABE /* SliderRowTableViewCell.swift */; };
		552CAEC428A56FCC0074FABE /* StepperRowTableViewCell.swift in Sources */ = {isa = PBXBuildFile; fileRef = 552CAEBB28A56FCC0074FABE /* StepperRowTableViewCell.swift */; };
		552CAEC528A56FCC0074FABE /* SubtitleTitleDescriptionRowTableViewCell.swift in Sources */ = {isa = PBXBuildFile; fileRef = 552CAEBC28A56FCC0074FABE /* SubtitleTitleDescriptionRowTableViewCell.swift */; };
		552CAEC728A56FD50074FABE /* FormViewController.swift in Sources */ = {isa = PBXBuildFile; fileRef = 552CAEC628A56FD50074FABE /* FormViewController.swift */; };
		552CAEC928A570020074FABE /* UIColor+Extensions.swift in Sources */ = {isa = PBXBuildFile; fileRef = 552CAEC828A570020074FABE /* UIColor+Extensions.swift */; };
		55300D5128B3C266001C8AEA /* HelloForm.framework in Frameworks */ = {isa = PBXBuildFile; fileRef = 552CAE2B28A56AF70074FABE /* HelloForm.framework */; };
		55300D5228B3C266001C8AEA /* HelloForm.framework in Embed Frameworks */ = {isa = PBXBuildFile; fileRef = 552CAE2B28A56AF70074FABE /* HelloForm.framework */; settings = {ATTRIBUTES = (CodeSignOnCopy, RemoveHeadersOnCopy, ); }; };
		55D3E35A28AA6DDC004477A9 /* UIView.swift in Sources */ = {isa = PBXBuildFile; fileRef = 55D3E35628AA6DDC004477A9 /* UIView.swift */; };
		55D3E35B28AA6DDC004477A9 /* HStack.swift in Sources */ = {isa = PBXBuildFile; fileRef = 55D3E35728AA6DDC004477A9 /* HStack.swift */; };
		55D3E35C28AA6DDC004477A9 /* UILabel.swift in Sources */ = {isa = PBXBuildFile; fileRef = 55D3E35828AA6DDC004477A9 /* UILabel.swift */; };
		55D3E35D28AA6DDC004477A9 /* VStack.swift in Sources */ = {isa = PBXBuildFile; fileRef = 55D3E35928AA6DDC004477A9 /* VStack.swift */; };
		55D3E36128AA6DEA004477A9 /* DeclarativeView.swift in Sources */ = {isa = PBXBuildFile; fileRef = 55D3E35F28AA6DEA004477A9 /* DeclarativeView.swift */; };
		55D3E36228AA6DEA004477A9 /* StackModifier.swift in Sources */ = {isa = PBXBuildFile; fileRef = 55D3E36028AA6DEA004477A9 /* StackModifier.swift */; };
		55D3E36528AA6DF9004477A9 /* StackBuilder.swift in Sources */ = {isa = PBXBuildFile; fileRef = 55D3E36428AA6DF9004477A9 /* StackBuilder.swift */; };
/* End PBXBuildFile section */

/* Begin PBXContainerItemProxy section */
		552CAE3728A56AF70074FABE /* PBXContainerItemProxy */ = {
			isa = PBXContainerItemProxy;
			containerPortal = 552CAE2228A56AF70074FABE /* Project object */;
			proxyType = 1;
			remoteGlobalIDString = 552CAE2A28A56AF70074FABE;
			remoteInfo = HelloForm;
		};
		552CAE5F28A56B0E0074FABE /* PBXContainerItemProxy */ = {
			isa = PBXContainerItemProxy;
			containerPortal = 552CAE2228A56AF70074FABE /* Project object */;
			proxyType = 1;
			remoteGlobalIDString = 552CAE4828A56B0B0074FABE;
			remoteInfo = HelloFormExample;
		};
		552CAE6928A56B0E0074FABE /* PBXContainerItemProxy */ = {
			isa = PBXContainerItemProxy;
			containerPortal = 552CAE2228A56AF70074FABE /* Project object */;
			proxyType = 1;
			remoteGlobalIDString = 552CAE4828A56B0B0074FABE;
			remoteInfo = HelloFormExample;
		};
/* End PBXContainerItemProxy section */

/* Begin PBXCopyFilesBuildPhase section */
		55300D5328B3C267001C8AEA /* Embed Frameworks */ = {
			isa = PBXCopyFilesBuildPhase;
			buildActionMask = 2147483647;
			dstPath = "";
			dstSubfolderSpec = 10;
			files = (
				55300D5228B3C266001C8AEA /* HelloForm.framework in Embed Frameworks */,
			);
			name = "Embed Frameworks";
			runOnlyForDeploymentPostprocessing = 0;
		};
/* End PBXCopyFilesBuildPhase section */

/* Begin PBXFileReference section */
		5519716728B6660A00F03457 /* Pub.swift */ = {isa = PBXFileReference; lastKnownFileType = sourcecode.swift; path = Pub.swift; sourceTree = "<group>"; };
		552CAE2B28A56AF70074FABE /* HelloForm.framework */ = {isa = PBXFileReference; explicitFileType = wrapper.framework; includeInIndex = 0; path = HelloForm.framework; sourceTree = BUILT_PRODUCTS_DIR; };
		552CAE2E28A56AF70074FABE /* HelloForm.h */ = {isa = PBXFileReference; lastKnownFileType = sourcecode.c.h; path = HelloForm.h; sourceTree = "<group>"; };
		552CAE2F28A56AF70074FABE /* HelloForm.docc */ = {isa = PBXFileReference; lastKnownFileType = folder.documentationcatalog; path = HelloForm.docc; sourceTree = "<group>"; };
		552CAE3528A56AF70074FABE /* HelloFormTests.xctest */ = {isa = PBXFileReference; explicitFileType = wrapper.cfbundle; includeInIndex = 0; path = HelloFormTests.xctest; sourceTree = BUILT_PRODUCTS_DIR; };
		552CAE3A28A56AF70074FABE /* HelloFormTests.swift */ = {isa = PBXFileReference; lastKnownFileType = sourcecode.swift; path = HelloFormTests.swift; sourceTree = "<group>"; };
		552CAE4928A56B0B0074FABE /* HelloFormExample.app */ = {isa = PBXFileReference; explicitFileType = wrapper.application; includeInIndex = 0; path = HelloFormExample.app; sourceTree = BUILT_PRODUCTS_DIR; };
		552CAE4B28A56B0B0074FABE /* AppDelegate.swift */ = {isa = PBXFileReference; lastKnownFileType = sourcecode.swift; path = AppDelegate.swift; sourceTree = "<group>"; };
		552CAE4D28A56B0B0074FABE /* SceneDelegate.swift */ = {isa = PBXFileReference; lastKnownFileType = sourcecode.swift; path = SceneDelegate.swift; sourceTree = "<group>"; };
		552CAE4F28A56B0B0074FABE /* ViewController.swift */ = {isa = PBXFileReference; lastKnownFileType = sourcecode.swift; path = ViewController.swift; sourceTree = "<group>"; };
		552CAE5428A56B0E0074FABE /* Assets.xcassets */ = {isa = PBXFileReference; lastKnownFileType = folder.assetcatalog; path = Assets.xcassets; sourceTree = "<group>"; };
		552CAE5728A56B0E0074FABE /* Base */ = {isa = PBXFileReference; lastKnownFileType = file.storyboard; name = Base; path = Base.lproj/LaunchScreen.storyboard; sourceTree = "<group>"; };
		552CAE5928A56B0E0074FABE /* Info.plist */ = {isa = PBXFileReference; lastKnownFileType = text.plist.xml; path = Info.plist; sourceTree = "<group>"; };
		552CAE5E28A56B0E0074FABE /* HelloFormExampleTests.xctest */ = {isa = PBXFileReference; explicitFileType = wrapper.cfbundle; includeInIndex = 0; path = HelloFormExampleTests.xctest; sourceTree = BUILT_PRODUCTS_DIR; };
		552CAE6228A56B0E0074FABE /* HelloFormExampleTests.swift */ = {isa = PBXFileReference; lastKnownFileType = sourcecode.swift; path = HelloFormExampleTests.swift; sourceTree = "<group>"; };
		552CAE6828A56B0E0074FABE /* HelloFormExampleUITests.xctest */ = {isa = PBXFileReference; explicitFileType = wrapper.cfbundle; includeInIndex = 0; path = HelloFormExampleUITests.xctest; sourceTree = BUILT_PRODUCTS_DIR; };
		552CAE6C28A56B0E0074FABE /* HelloFormExampleUITests.swift */ = {isa = PBXFileReference; lastKnownFileType = sourcecode.swift; path = HelloFormExampleUITests.swift; sourceTree = "<group>"; };
		552CAE6E28A56B0E0074FABE /* HelloFormExampleUITestsLaunchTests.swift */ = {isa = PBXFileReference; lastKnownFileType = sourcecode.swift; path = HelloFormExampleUITestsLaunchTests.swift; sourceTree = "<group>"; };
		552CAE7928A56B2F0074FABE /* README.md */ = {isa = PBXFileReference; lastKnownFileType = net.daringfireball.markdown; path = README.md; sourceTree = "<group>"; };
		552CAE8228A56F8A0074FABE /* FormSectionBuilder.swift */ = {isa = PBXFileReference; fileEncoding = 4; lastKnownFileType = sourcecode.swift; path = FormSectionBuilder.swift; sourceTree = "<group>"; };
		552CAE8328A56F8A0074FABE /* ViewBuilder.swift */ = {isa = PBXFileReference; fileEncoding = 4; lastKnownFileType = sourcecode.swift; path = ViewBuilder.swift; sourceTree = "<group>"; };
		552CAE8428A56F8A0074FABE /* FormBuilder.swift */ = {isa = PBXFileReference; fileEncoding = 4; lastKnownFileType = sourcecode.swift; path = FormBuilder.swift; sourceTree = "<group>"; };
		552CAE8828A56F950074FABE /* TextRow.swift */ = {isa = PBXFileReference; fileEncoding = 4; lastKnownFileType = sourcecode.swift; path = TextRow.swift; sourceTree = "<group>"; };
		552CAE8928A56F950074FABE /* SliderRow.swift */ = {isa = PBXFileReference; fileEncoding = 4; lastKnownFileType = sourcecode.swift; path = SliderRow.swift; sourceTree = "<group>"; };
		552CAE8A28A56F960074FABE /* TextFieldRow.swift */ = {isa = PBXFileReference; fileEncoding = 4; lastKnownFileType = sourcecode.swift; path = TextFieldRow.swift; sourceTree = "<group>"; };
		552CAE8B28A56F960074FABE /* TitleDescriptionRow.swift */ = {isa = PBXFileReference; fileEncoding = 4; lastKnownFileType = sourcecode.swift; path = TitleDescriptionRow.swift; sourceTree = "<group>"; };
		552CAE8C28A56F960074FABE /* SwitchRow.swift */ = {isa = PBXFileReference; fileEncoding = 4; lastKnownFileType = sourcecode.swift; path = SwitchRow.swift; sourceTree = "<group>"; };
		552CAE8D28A56F960074FABE /* CustomRow.swift */ = {isa = PBXFileReference; fileEncoding = 4; lastKnownFileType = sourcecode.swift; path = CustomRow.swift; sourceTree = "<group>"; };
		552CAE8E28A56F960074FABE /* StepperRow.swift */ = {isa = PBXFileReference; fileEncoding = 4; lastKnownFileType = sourcecode.swift; path = StepperRow.swift; sourceTree = "<group>"; };
		552CAE9628A56F9E0074FABE /* UIView+Extensions.swift */ = {isa = PBXFileReference; fileEncoding = 4; lastKnownFileType = sourcecode.swift; path = "UIView+Extensions.swift"; sourceTree = "<group>"; };
		552CAE9728A56F9E0074FABE /* UITableViewCell+Extensions.swift */ = {isa = PBXFileReference; fileEncoding = 4; lastKnownFileType = sourcecode.swift; path = "UITableViewCell+Extensions.swift"; sourceTree = "<group>"; };
		552CAE9A28A56FA40074FABE /* UIFont+Extensions.swift */ = {isa = PBXFileReference; fileEncoding = 4; lastKnownFileType = sourcecode.swift; path = "UIFont+Extensions.swift"; sourceTree = "<group>"; };
		552CAE9C28A56FAF0074FABE /* Identifiable.swift */ = {isa = PBXFileReference; fileEncoding = 4; lastKnownFileType = sourcecode.swift; path = Identifiable.swift; sourceTree = "<group>"; };
		552CAE9D28A56FAF0074FABE /* Observable.swift */ = {isa = PBXFileReference; fileEncoding = 4; lastKnownFileType = sourcecode.swift; path = Observable.swift; sourceTree = "<group>"; };
		552CAE9E28A56FAF0074FABE /* Either.swift */ = {isa = PBXFileReference; fileEncoding = 4; lastKnownFileType = sourcecode.swift; path = Either.swift; sourceTree = "<group>"; };
		552CAEA228A56FB70074FABE /* TextFieldModifier.swift */ = {isa = PBXFileReference; fileEncoding = 4; lastKnownFileType = sourcecode.swift; path = TextFieldModifier.swift; sourceTree = "<group>"; };
		552CAEA328A56FB70074FABE /* RowModifier.swift */ = {isa = PBXFileReference; fileEncoding = 4; lastKnownFileType = sourcecode.swift; path = RowModifier.swift; sourceTree = "<group>"; };
		552CAEA428A56FB70074FABE /* SectionModifier.swift */ = {isa = PBXFileReference; fileEncoding = 4; lastKnownFileType = sourcecode.swift; path = SectionModifier.swift; sourceTree = "<group>"; };
		552CAEA528A56FB70074FABE /* StepperRowModifier.swift */ = {isa = PBXFileReference; fileEncoding = 4; lastKnownFileType = sourcecode.swift; path = StepperRowModifier.swift; sourceTree = "<group>"; };
		552CAEA628A56FB70074FABE /* TextRowModifier.swift */ = {isa = PBXFileReference; fileEncoding = 4; lastKnownFileType = sourcecode.swift; path = TextRowModifier.swift; sourceTree = "<group>"; };
		552CAEA728A56FB70074FABE /* SwitchRowModifier.swift */ = {isa = PBXFileReference; fileEncoding = 4; lastKnownFileType = sourcecode.swift; path = SwitchRowModifier.swift; sourceTree = "<group>"; };
		552CAEA828A56FB80074FABE /* TextDescriptionRowModifier.swift */ = {isa = PBXFileReference; fileEncoding = 4; lastKnownFileType = sourcecode.swift; path = TextDescriptionRowModifier.swift; sourceTree = "<group>"; };
		552CAEB028A56FBF0074FABE /* FormRow.swift */ = {isa = PBXFileReference; fileEncoding = 4; lastKnownFileType = sourcecode.swift; path = FormRow.swift; sourceTree = "<group>"; };
		552CAEB128A56FBF0074FABE /* FormSection.swift */ = {isa = PBXFileReference; fileEncoding = 4; lastKnownFileType = sourcecode.swift; path = FormSection.swift; sourceTree = "<group>"; };
		552CAEB428A56FCB0074FABE /* SwitchRowTableViewCell.swift */ = {isa = PBXFileReference; fileEncoding = 4; lastKnownFileType = sourcecode.swift; path = SwitchRowTableViewCell.swift; sourceTree = "<group>"; };
		552CAEB528A56FCB0074FABE /* DefaultTitleDescriptionRowTableViewCell.swift */ = {isa = PBXFileReference; fileEncoding = 4; lastKnownFileType = sourcecode.swift; path = DefaultTitleDescriptionRowTableViewCell.swift; sourceTree = "<group>"; };
		552CAEB628A56FCB0074FABE /* TextRowTableViewCell.swift */ = {isa = PBXFileReference; fileEncoding = 4; lastKnownFileType = sourcecode.swift; path = TextRowTableViewCell.swift; sourceTree = "<group>"; };
		552CAEB728A56FCB0074FABE /* TextFieldRowTableViewCell.swift */ = {isa = PBXFileReference; fileEncoding = 4; lastKnownFileType = sourcecode.swift; path = TextFieldRowTableViewCell.swift; sourceTree = "<group>"; };
		552CAEB828A56FCB0074FABE /* BaseTableViewCell.swift */ = {isa = PBXFileReference; fileEncoding = 4; lastKnownFileType = sourcecode.swift; path = BaseTableViewCell.swift; sourceTree = "<group>"; };
		552CAEB928A56FCB0074FABE /* CustomRowTableViewCell.swift */ = {isa = PBXFileReference; fileEncoding = 4; lastKnownFileType = sourcecode.swift; path = CustomRowTableViewCell.swift; sourceTree = "<group>"; };
		552CAEBA28A56FCC0074FABE /* SliderRowTableViewCell.swift */ = {isa = PBXFileReference; fileEncoding = 4; lastKnownFileType = sourcecode.swift; path = SliderRowTableViewCell.swift; sourceTree = "<group>"; };
		552CAEBB28A56FCC0074FABE /* StepperRowTableViewCell.swift */ = {isa = PBXFileReference; fileEncoding = 4; lastKnownFileType = sourcecode.swift; path = StepperRowTableViewCell.swift; sourceTree = "<group>"; };
		552CAEBC28A56FCC0074FABE /* SubtitleTitleDescriptionRowTableViewCell.swift */ = {isa = PBXFileReference; fileEncoding = 4; lastKnownFileType = sourcecode.swift; path = SubtitleTitleDescriptionRowTableViewCell.swift; sourceTree = "<group>"; };
		552CAEC628A56FD50074FABE /* FormViewController.swift */ = {isa = PBXFileReference; fileEncoding = 4; lastKnownFileType = sourcecode.swift; path = FormViewController.swift; sourceTree = "<group>"; };
		552CAEC828A570020074FABE /* UIColor+Extensions.swift */ = {isa = PBXFileReference; lastKnownFileType = sourcecode.swift; path = "UIColor+Extensions.swift"; sourceTree = "<group>"; };
		55D3E35628AA6DDC004477A9 /* UIView.swift */ = {isa = PBXFileReference; fileEncoding = 4; lastKnownFileType = sourcecode.swift; path = UIView.swift; sourceTree = "<group>"; };
		55D3E35728AA6DDC004477A9 /* HStack.swift */ = {isa = PBXFileReference; fileEncoding = 4; lastKnownFileType = sourcecode.swift; path = HStack.swift; sourceTree = "<group>"; };
		55D3E35828AA6DDC004477A9 /* UILabel.swift */ = {isa = PBXFileReference; fileEncoding = 4; lastKnownFileType = sourcecode.swift; path = UILabel.swift; sourceTree = "<group>"; };
		55D3E35928AA6DDC004477A9 /* VStack.swift */ = {isa = PBXFileReference; fileEncoding = 4; lastKnownFileType = sourcecode.swift; path = VStack.swift; sourceTree = "<group>"; };
		55D3E35F28AA6DEA004477A9 /* DeclarativeView.swift */ = {isa = PBXFileReference; fileEncoding = 4; lastKnownFileType = sourcecode.swift; path = DeclarativeView.swift; sourceTree = "<group>"; };
		55D3E36028AA6DEA004477A9 /* StackModifier.swift */ = {isa = PBXFileReference; fileEncoding = 4; lastKnownFileType = sourcecode.swift; path = StackModifier.swift; sourceTree = "<group>"; };
		55D3E36428AA6DF9004477A9 /* StackBuilder.swift */ = {isa = PBXFileReference; fileEncoding = 4; lastKnownFileType = sourcecode.swift; path = StackBuilder.swift; sourceTree = "<group>"; };
/* End PBXFileReference section */

/* Begin PBXFrameworksBuildPhase section */
		552CAE2828A56AF70074FABE /* Frameworks */ = {
			isa = PBXFrameworksBuildPhase;
			buildActionMask = 2147483647;
			files = (
			);
			runOnlyForDeploymentPostprocessing = 0;
		};
		552CAE3228A56AF70074FABE /* Frameworks */ = {
			isa = PBXFrameworksBuildPhase;
			buildActionMask = 2147483647;
			files = (
				552CAE3628A56AF70074FABE /* HelloForm.framework in Frameworks */,
			);
			runOnlyForDeploymentPostprocessing = 0;
		};
		552CAE4628A56B0B0074FABE /* Frameworks */ = {
			isa = PBXFrameworksBuildPhase;
			buildActionMask = 2147483647;
			files = (
				55300D5128B3C266001C8AEA /* HelloForm.framework in Frameworks */,
			);
			runOnlyForDeploymentPostprocessing = 0;
		};
		552CAE5B28A56B0E0074FABE /* Frameworks */ = {
			isa = PBXFrameworksBuildPhase;
			buildActionMask = 2147483647;
			files = (
			);
			runOnlyForDeploymentPostprocessing = 0;
		};
		552CAE6528A56B0E0074FABE /* Frameworks */ = {
			isa = PBXFrameworksBuildPhase;
			buildActionMask = 2147483647;
			files = (
			);
			runOnlyForDeploymentPostprocessing = 0;
		};
/* End PBXFrameworksBuildPhase section */

/* Begin PBXGroup section */
		552CAE2128A56AF70074FABE = {
			isa = PBXGroup;
			children = (
				552CAE7928A56B2F0074FABE /* README.md */,
				552CAE2D28A56AF70074FABE /* HelloForm */,
				552CAE3928A56AF70074FABE /* HelloFormTests */,
				552CAE4A28A56B0B0074FABE /* HelloFormExample */,
				552CAE6128A56B0E0074FABE /* HelloFormExampleTests */,
				552CAE6B28A56B0E0074FABE /* HelloFormExampleUITests */,
				552CAE2C28A56AF70074FABE /* Products */,
				55D3E36628AA6ECB004477A9 /* Frameworks */,
			);
			sourceTree = "<group>";
		};
		552CAE2C28A56AF70074FABE /* Products */ = {
			isa = PBXGroup;
			children = (
				552CAE2B28A56AF70074FABE /* HelloForm.framework */,
				552CAE3528A56AF70074FABE /* HelloFormTests.xctest */,
				552CAE4928A56B0B0074FABE /* HelloFormExample.app */,
				552CAE5E28A56B0E0074FABE /* HelloFormExampleTests.xctest */,
				552CAE6828A56B0E0074FABE /* HelloFormExampleUITests.xctest */,
			);
			name = Products;
			sourceTree = "<group>";
		};
		552CAE2D28A56AF70074FABE /* HelloForm */ = {
			isa = PBXGroup;
			children = (
				552CAE7C28A56F3C0074FABE /* Extensions */,
				552CAE7D28A56F410074FABE /* Helpers */,
				552CAE7A28A56F310074FABE /* Builders */,
				552CAE7F28A56F5D0074FABE /* Modifiers */,
				552CAE7E28A56F570074FABE /* Models */,
				552CAE7B28A56F370074FABE /* Components */,
				552CAE8028A56F6D0074FABE /* Views */,
				552CAE8128A56F800074FABE /* ViewControllers */,
				552CAE2E28A56AF70074FABE /* HelloForm.h */,
				552CAE2F28A56AF70074FABE /* HelloForm.docc */,
			);
			path = HelloForm;
			sourceTree = "<group>";
		};
		552CAE3928A56AF70074FABE /* HelloFormTests */ = {
			isa = PBXGroup;
			children = (
				552CAE3A28A56AF70074FABE /* HelloFormTests.swift */,
			);
			path = HelloFormTests;
			sourceTree = "<group>";
		};
		552CAE4A28A56B0B0074FABE /* HelloFormExample */ = {
			isa = PBXGroup;
			children = (
				55D3E35428AA6DAC004477A9 /* CoreUI */,
				552CAE4B28A56B0B0074FABE /* AppDelegate.swift */,
				552CAE4D28A56B0B0074FABE /* SceneDelegate.swift */,
				552CAE4F28A56B0B0074FABE /* ViewController.swift */,
				552CAE5428A56B0E0074FABE /* Assets.xcassets */,
				552CAE5628A56B0E0074FABE /* LaunchScreen.storyboard */,
				552CAE5928A56B0E0074FABE /* Info.plist */,
			);
			path = HelloFormExample;
			sourceTree = "<group>";
		};
		552CAE6128A56B0E0074FABE /* HelloFormExampleTests */ = {
			isa = PBXGroup;
			children = (
				552CAE6228A56B0E0074FABE /* HelloFormExampleTests.swift */,
			);
			path = HelloFormExampleTests;
			sourceTree = "<group>";
		};
		552CAE6B28A56B0E0074FABE /* HelloFormExampleUITests */ = {
			isa = PBXGroup;
			children = (
				552CAE6C28A56B0E0074FABE /* HelloFormExampleUITests.swift */,
				552CAE6E28A56B0E0074FABE /* HelloFormExampleUITestsLaunchTests.swift */,
			);
			path = HelloFormExampleUITests;
			sourceTree = "<group>";
		};
		552CAE7A28A56F310074FABE /* Builders */ = {
			isa = PBXGroup;
			children = (
				552CAE8428A56F8A0074FABE /* FormBuilder.swift */,
				552CAE8228A56F8A0074FABE /* FormSectionBuilder.swift */,
				552CAE8328A56F8A0074FABE /* ViewBuilder.swift */,
			);
			path = Builders;
			sourceTree = "<group>";
		};
		552CAE7B28A56F370074FABE /* Components */ = {
			isa = PBXGroup;
			children = (
				552CAE8D28A56F960074FABE /* CustomRow.swift */,
				552CAE8928A56F950074FABE /* SliderRow.swift */,
				552CAE8E28A56F960074FABE /* StepperRow.swift */,
				552CAE8C28A56F960074FABE /* SwitchRow.swift */,
				552CAE8A28A56F960074FABE /* TextFieldRow.swift */,
				552CAE8828A56F950074FABE /* TextRow.swift */,
				552CAE8B28A56F960074FABE /* TitleDescriptionRow.swift */,
			);
			path = Components;
			sourceTree = "<group>";
		};
		552CAE7C28A56F3C0074FABE /* Extensions */ = {
			isa = PBXGroup;
			children = (
				552CAE9728A56F9E0074FABE /* UITableViewCell+Extensions.swift */,
				552CAE9628A56F9E0074FABE /* UIView+Extensions.swift */,
				552CAE9A28A56FA40074FABE /* UIFont+Extensions.swift */,
				552CAEC828A570020074FABE /* UIColor+Extensions.swift */,
			);
			path = Extensions;
			sourceTree = "<group>";
		};
		552CAE7D28A56F410074FABE /* Helpers */ = {
			isa = PBXGroup;
			children = (
				552CAE9E28A56FAF0074FABE /* Either.swift */,
				552CAE9C28A56FAF0074FABE /* Identifiable.swift */,
				552CAE9D28A56FAF0074FABE /* Observable.swift */,
				5519716728B6660A00F03457 /* Pub.swift */,
			);
			path = Helpers;
			sourceTree = "<group>";
		};
		552CAE7E28A56F570074FABE /* Models */ = {
			isa = PBXGroup;
			children = (
				552CAEB028A56FBF0074FABE /* FormRow.swift */,
				552CAEB128A56FBF0074FABE /* FormSection.swift */,
			);
			path = Models;
			sourceTree = "<group>";
		};
		552CAE7F28A56F5D0074FABE /* Modifiers */ = {
			isa = PBXGroup;
			children = (
				552CAEA328A56FB70074FABE /* RowModifier.swift */,
				552CAEA428A56FB70074FABE /* SectionModifier.swift */,
				552CAEA528A56FB70074FABE /* StepperRowModifier.swift */,
				552CAEA728A56FB70074FABE /* SwitchRowModifier.swift */,
				552CAEA828A56FB80074FABE /* TextDescriptionRowModifier.swift */,
				552CAEA228A56FB70074FABE /* TextFieldModifier.swift */,
				552CAEA628A56FB70074FABE /* TextRowModifier.swift */,
			);
			path = Modifiers;
			sourceTree = "<group>";
		};
		552CAE8028A56F6D0074FABE /* Views */ = {
			isa = PBXGroup;
			children = (
				552CAEB828A56FCB0074FABE /* BaseTableViewCell.swift */,
				552CAEB928A56FCB0074FABE /* CustomRowTableViewCell.swift */,
				552CAEB528A56FCB0074FABE /* DefaultTitleDescriptionRowTableViewCell.swift */,
				552CAEBA28A56FCC0074FABE /* SliderRowTableViewCell.swift */,
				552CAEBB28A56FCC0074FABE /* StepperRowTableViewCell.swift */,
				552CAEBC28A56FCC0074FABE /* SubtitleTitleDescriptionRowTableViewCell.swift */,
				552CAEB428A56FCB0074FABE /* SwitchRowTableViewCell.swift */,
				552CAEB728A56FCB0074FABE /* TextFieldRowTableViewCell.swift */,
				552CAEB628A56FCB0074FABE /* TextRowTableViewCell.swift */,
			);
			path = Views;
			sourceTree = "<group>";
		};
		552CAE8128A56F800074FABE /* ViewControllers */ = {
			isa = PBXGroup;
			children = (
				552CAEC628A56FD50074FABE /* FormViewController.swift */,
			);
			path = ViewControllers;
			sourceTree = "<group>";
		};
		55D3E35428AA6DAC004477A9 /* CoreUI */ = {
			isa = PBXGroup;
			children = (
				55D3E36328AA6DEE004477A9 /* Builders */,
				55D3E35E28AA6DE0004477A9 /* Protocols */,
				55D3E35528AA6DD3004477A9 /* Views */,
			);
			path = CoreUI;
			sourceTree = "<group>";
		};
		55D3E35528AA6DD3004477A9 /* Views */ = {
			isa = PBXGroup;
			children = (
				55D3E35728AA6DDC004477A9 /* HStack.swift */,
				55D3E35828AA6DDC004477A9 /* UILabel.swift */,
				55D3E35628AA6DDC004477A9 /* UIView.swift */,
				55D3E35928AA6DDC004477A9 /* VStack.swift */,
			);
			path = Views;
			sourceTree = "<group>";
		};
		55D3E35E28AA6DE0004477A9 /* Protocols */ = {
			isa = PBXGroup;
			children = (
				55D3E35F28AA6DEA004477A9 /* DeclarativeView.swift */,
				55D3E36028AA6DEA004477A9 /* StackModifier.swift */,
			);
			path = Protocols;
			sourceTree = "<group>";
		};
		55D3E36328AA6DEE004477A9 /* Builders */ = {
			isa = PBXGroup;
			children = (
				55D3E36428AA6DF9004477A9 /* StackBuilder.swift */,
			);
			path = Builders;
			sourceTree = "<group>";
		};
		55D3E36628AA6ECB004477A9 /* Frameworks */ = {
			isa = PBXGroup;
			children = (
			);
			name = Frameworks;
			sourceTree = "<group>";
		};
/* End PBXGroup section */

/* Begin PBXHeadersBuildPhase section */
		552CAE2628A56AF70074FABE /* Headers */ = {
			isa = PBXHeadersBuildPhase;
			buildActionMask = 2147483647;
			files = (
				552CAE3C28A56AF70074FABE /* HelloForm.h in Headers */,
			);
			runOnlyForDeploymentPostprocessing = 0;
		};
/* End PBXHeadersBuildPhase section */

/* Begin PBXNativeTarget section */
		552CAE2A28A56AF70074FABE /* HelloForm */ = {
			isa = PBXNativeTarget;
			buildConfigurationList = 552CAE3F28A56AF70074FABE /* Build configuration list for PBXNativeTarget "HelloForm" */;
			buildPhases = (
				552CAE2628A56AF70074FABE /* Headers */,
				552CAE2728A56AF70074FABE /* Sources */,
				552CAE2828A56AF70074FABE /* Frameworks */,
				552CAE2928A56AF70074FABE /* Resources */,
			);
			buildRules = (
			);
			dependencies = (
			);
			name = HelloForm;
			productName = HelloForm;
			productReference = 552CAE2B28A56AF70074FABE /* HelloForm.framework */;
			productType = "com.apple.product-type.framework";
		};
		552CAE3428A56AF70074FABE /* HelloFormTests */ = {
			isa = PBXNativeTarget;
			buildConfigurationList = 552CAE4228A56AF70074FABE /* Build configuration list for PBXNativeTarget "HelloFormTests" */;
			buildPhases = (
				552CAE3128A56AF70074FABE /* Sources */,
				552CAE3228A56AF70074FABE /* Frameworks */,
				552CAE3328A56AF70074FABE /* Resources */,
			);
			buildRules = (
			);
			dependencies = (
				552CAE3828A56AF70074FABE /* PBXTargetDependency */,
			);
			name = HelloFormTests;
			productName = HelloFormTests;
			productReference = 552CAE3528A56AF70074FABE /* HelloFormTests.xctest */;
			productType = "com.apple.product-type.bundle.unit-test";
		};
		552CAE4828A56B0B0074FABE /* HelloFormExample */ = {
			isa = PBXNativeTarget;
			buildConfigurationList = 552CAE7028A56B0E0074FABE /* Build configuration list for PBXNativeTarget "HelloFormExample" */;
			buildPhases = (
				552CAE4528A56B0B0074FABE /* Sources */,
				552CAE4628A56B0B0074FABE /* Frameworks */,
				552CAE4728A56B0B0074FABE /* Resources */,
				55300D5328B3C267001C8AEA /* Embed Frameworks */,
			);
			buildRules = (
			);
			dependencies = (
			);
			name = HelloFormExample;
			productName = HelloFormExample;
			productReference = 552CAE4928A56B0B0074FABE /* HelloFormExample.app */;
			productType = "com.apple.product-type.application";
		};
		552CAE5D28A56B0E0074FABE /* HelloFormExampleTests */ = {
			isa = PBXNativeTarget;
			buildConfigurationList = 552CAE7328A56B0E0074FABE /* Build configuration list for PBXNativeTarget "HelloFormExampleTests" */;
			buildPhases = (
				552CAE5A28A56B0E0074FABE /* Sources */,
				552CAE5B28A56B0E0074FABE /* Frameworks */,
				552CAE5C28A56B0E0074FABE /* Resources */,
			);
			buildRules = (
			);
			dependencies = (
				552CAE6028A56B0E0074FABE /* PBXTargetDependency */,
			);
			name = HelloFormExampleTests;
			productName = HelloFormExampleTests;
			productReference = 552CAE5E28A56B0E0074FABE /* HelloFormExampleTests.xctest */;
			productType = "com.apple.product-type.bundle.unit-test";
		};
		552CAE6728A56B0E0074FABE /* HelloFormExampleUITests */ = {
			isa = PBXNativeTarget;
			buildConfigurationList = 552CAE7628A56B0E0074FABE /* Build configuration list for PBXNativeTarget "HelloFormExampleUITests" */;
			buildPhases = (
				552CAE6428A56B0E0074FABE /* Sources */,
				552CAE6528A56B0E0074FABE /* Frameworks */,
				552CAE6628A56B0E0074FABE /* Resources */,
			);
			buildRules = (
			);
			dependencies = (
				552CAE6A28A56B0E0074FABE /* PBXTargetDependency */,
			);
			name = HelloFormExampleUITests;
			productName = HelloFormExampleUITests;
			productReference = 552CAE6828A56B0E0074FABE /* HelloFormExampleUITests.xctest */;
			productType = "com.apple.product-type.bundle.ui-testing";
		};
/* End PBXNativeTarget section */

/* Begin PBXProject section */
		552CAE2228A56AF70074FABE /* Project object */ = {
			isa = PBXProject;
			attributes = {
				BuildIndependentTargetsInParallel = 1;
				LastSwiftUpdateCheck = 1330;
				LastUpgradeCheck = 1330;
				TargetAttributes = {
					552CAE2A28A56AF70074FABE = {
						CreatedOnToolsVersion = 13.3.1;
					};
					552CAE3428A56AF70074FABE = {
						CreatedOnToolsVersion = 13.3.1;
					};
					552CAE4828A56B0B0074FABE = {
						CreatedOnToolsVersion = 13.3.1;
					};
					552CAE5D28A56B0E0074FABE = {
						CreatedOnToolsVersion = 13.3.1;
						TestTargetID = 552CAE4828A56B0B0074FABE;
					};
					552CAE6728A56B0E0074FABE = {
						CreatedOnToolsVersion = 13.3.1;
						TestTargetID = 552CAE4828A56B0B0074FABE;
					};
				};
			};
			buildConfigurationList = 552CAE2528A56AF70074FABE /* Build configuration list for PBXProject "HelloForm" */;
			compatibilityVersion = "Xcode 13.0";
			developmentRegion = en;
			hasScannedForEncodings = 0;
			knownRegions = (
				en,
				Base,
			);
			mainGroup = 552CAE2128A56AF70074FABE;
			productRefGroup = 552CAE2C28A56AF70074FABE /* Products */;
			projectDirPath = "";
			projectRoot = "";
			targets = (
				552CAE2A28A56AF70074FABE /* HelloForm */,
				552CAE3428A56AF70074FABE /* HelloFormTests */,
				552CAE4828A56B0B0074FABE /* HelloFormExample */,
				552CAE5D28A56B0E0074FABE /* HelloFormExampleTests */,
				552CAE6728A56B0E0074FABE /* HelloFormExampleUITests */,
			);
		};
/* End PBXProject section */

/* Begin PBXResourcesBuildPhase section */
		552CAE2928A56AF70074FABE /* Resources */ = {
			isa = PBXResourcesBuildPhase;
			buildActionMask = 2147483647;
			files = (
			);
			runOnlyForDeploymentPostprocessing = 0;
		};
		552CAE3328A56AF70074FABE /* Resources */ = {
			isa = PBXResourcesBuildPhase;
			buildActionMask = 2147483647;
			files = (
			);
			runOnlyForDeploymentPostprocessing = 0;
		};
		552CAE4728A56B0B0074FABE /* Resources */ = {
			isa = PBXResourcesBuildPhase;
			buildActionMask = 2147483647;
			files = (
				552CAE5828A56B0E0074FABE /* LaunchScreen.storyboard in Resources */,
				552CAE5528A56B0E0074FABE /* Assets.xcassets in Resources */,
			);
			runOnlyForDeploymentPostprocessing = 0;
		};
		552CAE5C28A56B0E0074FABE /* Resources */ = {
			isa = PBXResourcesBuildPhase;
			buildActionMask = 2147483647;
			files = (
			);
			runOnlyForDeploymentPostprocessing = 0;
		};
		552CAE6628A56B0E0074FABE /* Resources */ = {
			isa = PBXResourcesBuildPhase;
			buildActionMask = 2147483647;
			files = (
			);
			runOnlyForDeploymentPostprocessing = 0;
		};
/* End PBXResourcesBuildPhase section */

/* Begin PBXSourcesBuildPhase section */
		552CAE2728A56AF70074FABE /* Sources */ = {
			isa = PBXSourcesBuildPhase;
			buildActionMask = 2147483647;
			files = (
				552CAEBF28A56FCC0074FABE /* TextRowTableViewCell.swift in Sources */,
				552CAEC928A570020074FABE /* UIColor+Extensions.swift in Sources */,
				552CAEA028A56FB00074FABE /* Observable.swift in Sources */,
				552CAE8F28A56F960074FABE /* TextRow.swift in Sources */,
				552CAEBE28A56FCC0074FABE /* DefaultTitleDescriptionRowTableViewCell.swift in Sources */,
				552CAEAA28A56FB80074FABE /* RowModifier.swift in Sources */,
				552CAEC528A56FCC0074FABE /* SubtitleTitleDescriptionRowTableViewCell.swift in Sources */,
				552CAE3028A56AF70074FABE /* HelloForm.docc in Sources */,
				552CAE9228A56F960074FABE /* TitleDescriptionRow.swift in Sources */,
				5519716828B6660A00F03457 /* Pub.swift in Sources */,
				552CAEBD28A56FCC0074FABE /* SwitchRowTableViewCell.swift in Sources */,
				552CAE9128A56F960074FABE /* TextFieldRow.swift in Sources */,
				552CAE8528A56F8A0074FABE /* FormSectionBuilder.swift in Sources */,
				552CAEC428A56FCC0074FABE /* StepperRowTableViewCell.swift in Sources */,
				552CAEC028A56FCC0074FABE /* TextFieldRowTableViewCell.swift in Sources */,
				552CAEA928A56FB80074FABE /* TextFieldModifier.swift in Sources */,
				552CAEAD28A56FB80074FABE /* TextRowModifier.swift in Sources */,
				552CAEC228A56FCC0074FABE /* CustomRowTableViewCell.swift in Sources */,
				552CAEB228A56FBF0074FABE /* FormRow.swift in Sources */,
				552CAEAC28A56FB80074FABE /* StepperRowModifier.swift in Sources */,
				552CAEC728A56FD50074FABE /* FormViewController.swift in Sources */,
				552CAEAB28A56FB80074FABE /* SectionModifier.swift in Sources */,
				552CAE9528A56F960074FABE /* StepperRow.swift in Sources */,
				552CAE9B28A56FA40074FABE /* UIFont+Extensions.swift in Sources */,
				552CAE9828A56F9E0074FABE /* UIView+Extensions.swift in Sources */,
				552CAEB328A56FBF0074FABE /* FormSection.swift in Sources */,
				552CAEC128A56FCC0074FABE /* BaseTableViewCell.swift in Sources */,
				552CAEC328A56FCC0074FABE /* SliderRowTableViewCell.swift in Sources */,
				552CAE9428A56F960074FABE /* CustomRow.swift in Sources */,
				552CAEAE28A56FB80074FABE /* SwitchRowModifier.swift in Sources */,
				552CAEA128A56FB00074FABE /* Either.swift in Sources */,
				552CAE9028A56F960074FABE /* SliderRow.swift in Sources */,
				552CAE9928A56F9E0074FABE /* UITableViewCell+Extensions.swift in Sources */,
				552CAE9328A56F960074FABE /* SwitchRow.swift in Sources */,
				552CAE8628A56F8A0074FABE /* ViewBuilder.swift in Sources */,
				552CAE9F28A56FB00074FABE /* Identifiable.swift in Sources */,
				552CAEAF28A56FB80074FABE /* TextDescriptionRowModifier.swift in Sources */,
				552CAE8728A56F8A0074FABE /* FormBuilder.swift in Sources */,
			);
			runOnlyForDeploymentPostprocessing = 0;
		};
		552CAE3128A56AF70074FABE /* Sources */ = {
			isa = PBXSourcesBuildPhase;
			buildActionMask = 2147483647;
			files = (
				552CAE3B28A56AF70074FABE /* HelloFormTests.swift in Sources */,
			);
			runOnlyForDeploymentPostprocessing = 0;
		};
		552CAE4528A56B0B0074FABE /* Sources */ = {
			isa = PBXSourcesBuildPhase;
			buildActionMask = 2147483647;
			files = (
				55D3E35D28AA6DDC004477A9 /* VStack.swift in Sources */,
				55D3E35A28AA6DDC004477A9 /* UIView.swift in Sources */,
				55D3E36228AA6DEA004477A9 /* StackModifier.swift in Sources */,
				552CAE5028A56B0B0074FABE /* ViewController.swift in Sources */,
				55D3E35B28AA6DDC004477A9 /* HStack.swift in Sources */,
				552CAE4C28A56B0B0074FABE /* AppDelegate.swift in Sources */,
				55D3E36528AA6DF9004477A9 /* StackBuilder.swift in Sources */,
				55D3E35C28AA6DDC004477A9 /* UILabel.swift in Sources */,
				552CAE4E28A56B0B0074FABE /* SceneDelegate.swift in Sources */,
				55D3E36128AA6DEA004477A9 /* DeclarativeView.swift in Sources */,
			);
			runOnlyForDeploymentPostprocessing = 0;
		};
		552CAE5A28A56B0E0074FABE /* Sources */ = {
			isa = PBXSourcesBuildPhase;
			buildActionMask = 2147483647;
			files = (
				552CAE6328A56B0E0074FABE /* HelloFormExampleTests.swift in Sources */,
			);
			runOnlyForDeploymentPostprocessing = 0;
		};
		552CAE6428A56B0E0074FABE /* Sources */ = {
			isa = PBXSourcesBuildPhase;
			buildActionMask = 2147483647;
			files = (
				552CAE6F28A56B0E0074FABE /* HelloFormExampleUITestsLaunchTests.swift in Sources */,
				552CAE6D28A56B0E0074FABE /* HelloFormExampleUITests.swift in Sources */,
			);
			runOnlyForDeploymentPostprocessing = 0;
		};
/* End PBXSourcesBuildPhase section */

/* Begin PBXTargetDependency section */
		552CAE3828A56AF70074FABE /* PBXTargetDependency */ = {
			isa = PBXTargetDependency;
			target = 552CAE2A28A56AF70074FABE /* HelloForm */;
			targetProxy = 552CAE3728A56AF70074FABE /* PBXContainerItemProxy */;
		};
		552CAE6028A56B0E0074FABE /* PBXTargetDependency */ = {
			isa = PBXTargetDependency;
			target = 552CAE4828A56B0B0074FABE /* HelloFormExample */;
			targetProxy = 552CAE5F28A56B0E0074FABE /* PBXContainerItemProxy */;
		};
		552CAE6A28A56B0E0074FABE /* PBXTargetDependency */ = {
			isa = PBXTargetDependency;
			target = 552CAE4828A56B0B0074FABE /* HelloFormExample */;
			targetProxy = 552CAE6928A56B0E0074FABE /* PBXContainerItemProxy */;
		};
/* End PBXTargetDependency section */

/* Begin PBXVariantGroup section */
		552CAE5628A56B0E0074FABE /* LaunchScreen.storyboard */ = {
			isa = PBXVariantGroup;
			children = (
				552CAE5728A56B0E0074FABE /* Base */,
			);
			name = LaunchScreen.storyboard;
			sourceTree = "<group>";
		};
/* End PBXVariantGroup section */

/* Begin XCBuildConfiguration section */
		552CAE3D28A56AF70074FABE /* Debug */ = {
			isa = XCBuildConfiguration;
			buildSettings = {
				ALWAYS_SEARCH_USER_PATHS = NO;
				CLANG_ANALYZER_NONNULL = YES;
				CLANG_ANALYZER_NUMBER_OBJECT_CONVERSION = YES_AGGRESSIVE;
				CLANG_CXX_LANGUAGE_STANDARD = "gnu++17";
				CLANG_ENABLE_MODULES = YES;
				CLANG_ENABLE_OBJC_ARC = YES;
				CLANG_ENABLE_OBJC_WEAK = YES;
				CLANG_WARN_BLOCK_CAPTURE_AUTORELEASING = YES;
				CLANG_WARN_BOOL_CONVERSION = YES;
				CLANG_WARN_COMMA = YES;
				CLANG_WARN_CONSTANT_CONVERSION = YES;
				CLANG_WARN_DEPRECATED_OBJC_IMPLEMENTATIONS = YES;
				CLANG_WARN_DIRECT_OBJC_ISA_USAGE = YES_ERROR;
				CLANG_WARN_DOCUMENTATION_COMMENTS = YES;
				CLANG_WARN_EMPTY_BODY = YES;
				CLANG_WARN_ENUM_CONVERSION = YES;
				CLANG_WARN_INFINITE_RECURSION = YES;
				CLANG_WARN_INT_CONVERSION = YES;
				CLANG_WARN_NON_LITERAL_NULL_CONVERSION = YES;
				CLANG_WARN_OBJC_IMPLICIT_RETAIN_SELF = YES;
				CLANG_WARN_OBJC_LITERAL_CONVERSION = YES;
				CLANG_WARN_OBJC_ROOT_CLASS = YES_ERROR;
				CLANG_WARN_QUOTED_INCLUDE_IN_FRAMEWORK_HEADER = YES;
				CLANG_WARN_RANGE_LOOP_ANALYSIS = YES;
				CLANG_WARN_STRICT_PROTOTYPES = YES;
				CLANG_WARN_SUSPICIOUS_MOVE = YES;
				CLANG_WARN_UNGUARDED_AVAILABILITY = YES_AGGRESSIVE;
				CLANG_WARN_UNREACHABLE_CODE = YES;
				CLANG_WARN__DUPLICATE_METHOD_MATCH = YES;
				COPY_PHASE_STRIP = NO;
				CURRENT_PROJECT_VERSION = 1;
				DEBUG_INFORMATION_FORMAT = dwarf;
				ENABLE_STRICT_OBJC_MSGSEND = YES;
				ENABLE_TESTABILITY = YES;
				GCC_C_LANGUAGE_STANDARD = gnu11;
				GCC_DYNAMIC_NO_PIC = NO;
				GCC_NO_COMMON_BLOCKS = YES;
				GCC_OPTIMIZATION_LEVEL = 0;
				GCC_PREPROCESSOR_DEFINITIONS = (
					"DEBUG=1",
					"$(inherited)",
				);
				GCC_WARN_64_TO_32_BIT_CONVERSION = YES;
				GCC_WARN_ABOUT_RETURN_TYPE = YES_ERROR;
				GCC_WARN_UNDECLARED_SELECTOR = YES;
				GCC_WARN_UNINITIALIZED_AUTOS = YES_AGGRESSIVE;
				GCC_WARN_UNUSED_FUNCTION = YES;
				GCC_WARN_UNUSED_VARIABLE = YES;
				IPHONEOS_DEPLOYMENT_TARGET = 12.0;
				MTL_ENABLE_DEBUG_INFO = INCLUDE_SOURCE;
				MTL_FAST_MATH = YES;
				ONLY_ACTIVE_ARCH = YES;
				SDKROOT = iphoneos;
				SWIFT_ACTIVE_COMPILATION_CONDITIONS = DEBUG;
				SWIFT_OPTIMIZATION_LEVEL = "-Onone";
				VERSIONING_SYSTEM = "apple-generic";
				VERSION_INFO_PREFIX = "";
			};
			name = Debug;
		};
		552CAE3E28A56AF70074FABE /* Release */ = {
			isa = XCBuildConfiguration;
			buildSettings = {
				ALWAYS_SEARCH_USER_PATHS = NO;
				CLANG_ANALYZER_NONNULL = YES;
				CLANG_ANALYZER_NUMBER_OBJECT_CONVERSION = YES_AGGRESSIVE;
				CLANG_CXX_LANGUAGE_STANDARD = "gnu++17";
				CLANG_ENABLE_MODULES = YES;
				CLANG_ENABLE_OBJC_ARC = YES;
				CLANG_ENABLE_OBJC_WEAK = YES;
				CLANG_WARN_BLOCK_CAPTURE_AUTORELEASING = YES;
				CLANG_WARN_BOOL_CONVERSION = YES;
				CLANG_WARN_COMMA = YES;
				CLANG_WARN_CONSTANT_CONVERSION = YES;
				CLANG_WARN_DEPRECATED_OBJC_IMPLEMENTATIONS = YES;
				CLANG_WARN_DIRECT_OBJC_ISA_USAGE = YES_ERROR;
				CLANG_WARN_DOCUMENTATION_COMMENTS = YES;
				CLANG_WARN_EMPTY_BODY = YES;
				CLANG_WARN_ENUM_CONVERSION = YES;
				CLANG_WARN_INFINITE_RECURSION = YES;
				CLANG_WARN_INT_CONVERSION = YES;
				CLANG_WARN_NON_LITERAL_NULL_CONVERSION = YES;
				CLANG_WARN_OBJC_IMPLICIT_RETAIN_SELF = YES;
				CLANG_WARN_OBJC_LITERAL_CONVERSION = YES;
				CLANG_WARN_OBJC_ROOT_CLASS = YES_ERROR;
				CLANG_WARN_QUOTED_INCLUDE_IN_FRAMEWORK_HEADER = YES;
				CLANG_WARN_RANGE_LOOP_ANALYSIS = YES;
				CLANG_WARN_STRICT_PROTOTYPES = YES;
				CLANG_WARN_SUSPICIOUS_MOVE = YES;
				CLANG_WARN_UNGUARDED_AVAILABILITY = YES_AGGRESSIVE;
				CLANG_WARN_UNREACHABLE_CODE = YES;
				CLANG_WARN__DUPLICATE_METHOD_MATCH = YES;
				COPY_PHASE_STRIP = NO;
				CURRENT_PROJECT_VERSION = 1;
				DEBUG_INFORMATION_FORMAT = "dwarf-with-dsym";
				ENABLE_NS_ASSERTIONS = NO;
				ENABLE_STRICT_OBJC_MSGSEND = YES;
				GCC_C_LANGUAGE_STANDARD = gnu11;
				GCC_NO_COMMON_BLOCKS = YES;
				GCC_WARN_64_TO_32_BIT_CONVERSION = YES;
				GCC_WARN_ABOUT_RETURN_TYPE = YES_ERROR;
				GCC_WARN_UNDECLARED_SELECTOR = YES;
				GCC_WARN_UNINITIALIZED_AUTOS = YES_AGGRESSIVE;
				GCC_WARN_UNUSED_FUNCTION = YES;
				GCC_WARN_UNUSED_VARIABLE = YES;
				IPHONEOS_DEPLOYMENT_TARGET = 12.0;
				MTL_ENABLE_DEBUG_INFO = NO;
				MTL_FAST_MATH = YES;
				SDKROOT = iphoneos;
				SWIFT_COMPILATION_MODE = wholemodule;
				SWIFT_OPTIMIZATION_LEVEL = "-O";
				VALIDATE_PRODUCT = YES;
				VERSIONING_SYSTEM = "apple-generic";
				VERSION_INFO_PREFIX = "";
			};
			name = Release;
		};
		552CAE4028A56AF70074FABE /* Debug */ = {
			isa = XCBuildConfiguration;
			buildSettings = {
				ASSETCATALOG_COMPILER_APPICON_NAME = AppIcon;
				CODE_SIGN_STYLE = Automatic;
				CURRENT_PROJECT_VERSION = 1;
				DEFINES_MODULE = YES;
				DEVELOPMENT_TEAM = YVUPDJXNRC;
				DYLIB_COMPATIBILITY_VERSION = 1;
				DYLIB_CURRENT_VERSION = 1;
				DYLIB_INSTALL_NAME_BASE = "@rpath";
				GENERATE_INFOPLIST_FILE = YES;
				INFOPLIST_KEY_NSHumanReadableCopyright = "";
				INSTALL_PATH = "$(LOCAL_LIBRARY_DIR)/Frameworks";
				LD_RUNPATH_SEARCH_PATHS = (
					"$(inherited)",
					"@executable_path/Frameworks",
					"@loader_path/Frameworks",
				);
				MARKETING_VERSION = 1.0;
				PRODUCT_BUNDLE_IDENTIFIER = com.FelipeVidal.HelloForm;
				PRODUCT_NAME = "$(TARGET_NAME:c99extidentifier)";
				SKIP_INSTALL = YES;
				SUPPORTS_MACCATALYST = NO;
				SWIFT_EMIT_LOC_STRINGS = YES;
				SWIFT_VERSION = 5.0;
				TARGETED_DEVICE_FAMILY = 1;
			};
			name = Debug;
		};
		552CAE4128A56AF70074FABE /* Release */ = {
			isa = XCBuildConfiguration;
			buildSettings = {
				ASSETCATALOG_COMPILER_APPICON_NAME = AppIcon;
				CODE_SIGN_STYLE = Automatic;
				CURRENT_PROJECT_VERSION = 1;
				DEFINES_MODULE = YES;
				DEVELOPMENT_TEAM = YVUPDJXNRC;
				DYLIB_COMPATIBILITY_VERSION = 1;
				DYLIB_CURRENT_VERSION = 1;
				DYLIB_INSTALL_NAME_BASE = "@rpath";
				GENERATE_INFOPLIST_FILE = YES;
				INFOPLIST_KEY_NSHumanReadableCopyright = "";
				INSTALL_PATH = "$(LOCAL_LIBRARY_DIR)/Frameworks";
				LD_RUNPATH_SEARCH_PATHS = (
					"$(inherited)",
					"@executable_path/Frameworks",
					"@loader_path/Frameworks",
				);
				MARKETING_VERSION = 1.0;
				PRODUCT_BUNDLE_IDENTIFIER = com.FelipeVidal.HelloForm;
				PRODUCT_NAME = "$(TARGET_NAME:c99extidentifier)";
				SKIP_INSTALL = YES;
				SUPPORTS_MACCATALYST = NO;
				SWIFT_EMIT_LOC_STRINGS = YES;
				SWIFT_VERSION = 5.0;
				TARGETED_DEVICE_FAMILY = 1;
			};
			name = Release;
		};
		552CAE4328A56AF70074FABE /* Debug */ = {
			isa = XCBuildConfiguration;
			buildSettings = {
				ALWAYS_EMBED_SWIFT_STANDARD_LIBRARIES = YES;
				CODE_SIGN_STYLE = Automatic;
				CURRENT_PROJECT_VERSION = 1;
				DEVELOPMENT_TEAM = YVUPDJXNRC;
				GENERATE_INFOPLIST_FILE = YES;
				MARKETING_VERSION = 1.0;
				PRODUCT_BUNDLE_IDENTIFIER = com.FelipeVidal.HelloFormTests;
				PRODUCT_NAME = "$(TARGET_NAME)";
				SWIFT_EMIT_LOC_STRINGS = NO;
				SWIFT_VERSION = 5.0;
				TARGETED_DEVICE_FAMILY = "1,2";
			};
			name = Debug;
		};
		552CAE4428A56AF70074FABE /* Release */ = {
			isa = XCBuildConfiguration;
			buildSettings = {
				ALWAYS_EMBED_SWIFT_STANDARD_LIBRARIES = YES;
				CODE_SIGN_STYLE = Automatic;
				CURRENT_PROJECT_VERSION = 1;
				DEVELOPMENT_TEAM = YVUPDJXNRC;
				GENERATE_INFOPLIST_FILE = YES;
				MARKETING_VERSION = 1.0;
				PRODUCT_BUNDLE_IDENTIFIER = com.FelipeVidal.HelloFormTests;
				PRODUCT_NAME = "$(TARGET_NAME)";
				SWIFT_EMIT_LOC_STRINGS = NO;
				SWIFT_VERSION = 5.0;
				TARGETED_DEVICE_FAMILY = "1,2";
			};
			name = Release;
		};
		552CAE7128A56B0E0074FABE /* Debug */ = {
			isa = XCBuildConfiguration;
			buildSettings = {
				ASSETCATALOG_COMPILER_APPICON_NAME = AppIcon;
				ASSETCATALOG_COMPILER_GLOBAL_ACCENT_COLOR_NAME = AccentColor;
				CODE_SIGN_STYLE = Automatic;
				CURRENT_PROJECT_VERSION = 1;
				DEVELOPMENT_TEAM = YVUPDJXNRC;
				GENERATE_INFOPLIST_FILE = YES;
				INFOPLIST_FILE = HelloFormExample/Info.plist;
				INFOPLIST_KEY_UIApplicationSupportsIndirectInputEvents = YES;
				INFOPLIST_KEY_UILaunchStoryboardName = LaunchScreen;
				INFOPLIST_KEY_UISupportedInterfaceOrientations_iPad = "UIInterfaceOrientationPortrait UIInterfaceOrientationPortraitUpsideDown UIInterfaceOrientationLandscapeLeft UIInterfaceOrientationLandscapeRight";
				INFOPLIST_KEY_UISupportedInterfaceOrientations_iPhone = "UIInterfaceOrientationPortrait UIInterfaceOrientationLandscapeLeft UIInterfaceOrientationLandscapeRight";
				IPHONEOS_DEPLOYMENT_TARGET = 14.0;
				LD_RUNPATH_SEARCH_PATHS = (
					"$(inherited)",
					"@executable_path/Frameworks",
				);
				MARKETING_VERSION = 1.0;
				PRODUCT_BUNDLE_IDENTIFIER = com.FelipeVidal.HelloFormExample;
				PRODUCT_NAME = "$(TARGET_NAME)";
				SWIFT_EMIT_LOC_STRINGS = YES;
				SWIFT_VERSION = 5.0;
				TARGETED_DEVICE_FAMILY = "1,2";
			};
			name = Debug;
		};
		552CAE7228A56B0E0074FABE /* Release */ = {
			isa = XCBuildConfiguration;
			buildSettings = {
				ASSETCATALOG_COMPILER_APPICON_NAME = AppIcon;
				ASSETCATALOG_COMPILER_GLOBAL_ACCENT_COLOR_NAME = AccentColor;
				CODE_SIGN_STYLE = Automatic;
				CURRENT_PROJECT_VERSION = 1;
				DEVELOPMENT_TEAM = YVUPDJXNRC;
				GENERATE_INFOPLIST_FILE = YES;
				INFOPLIST_FILE = HelloFormExample/Info.plist;
				INFOPLIST_KEY_UIApplicationSupportsIndirectInputEvents = YES;
				INFOPLIST_KEY_UILaunchStoryboardName = LaunchScreen;
				INFOPLIST_KEY_UISupportedInterfaceOrientations_iPad = "UIInterfaceOrientationPortrait UIInterfaceOrientationPortraitUpsideDown UIInterfaceOrientationLandscapeLeft UIInterfaceOrientationLandscapeRight";
				INFOPLIST_KEY_UISupportedInterfaceOrientations_iPhone = "UIInterfaceOrientationPortrait UIInterfaceOrientationLandscapeLeft UIInterfaceOrientationLandscapeRight";
				IPHONEOS_DEPLOYMENT_TARGET = 14.0;
				LD_RUNPATH_SEARCH_PATHS = (
					"$(inherited)",
					"@executable_path/Frameworks",
				);
				MARKETING_VERSION = 1.0;
				PRODUCT_BUNDLE_IDENTIFIER = com.FelipeVidal.HelloFormExample;
				PRODUCT_NAME = "$(TARGET_NAME)";
				SWIFT_EMIT_LOC_STRINGS = YES;
				SWIFT_VERSION = 5.0;
				TARGETED_DEVICE_FAMILY = "1,2";
			};
			name = Release;
		};
		552CAE7428A56B0E0074FABE /* Debug */ = {
			isa = XCBuildConfiguration;
			buildSettings = {
				ALWAYS_EMBED_SWIFT_STANDARD_LIBRARIES = YES;
				BUNDLE_LOADER = "$(TEST_HOST)";
				CODE_SIGN_STYLE = Automatic;
				CURRENT_PROJECT_VERSION = 1;
				DEVELOPMENT_TEAM = YVUPDJXNRC;
				GENERATE_INFOPLIST_FILE = YES;
				IPHONEOS_DEPLOYMENT_TARGET = 15.4;
				MARKETING_VERSION = 1.0;
				PRODUCT_BUNDLE_IDENTIFIER = com.FelipeVidal.HelloFormExampleTests;
				PRODUCT_NAME = "$(TARGET_NAME)";
				SWIFT_EMIT_LOC_STRINGS = NO;
				SWIFT_VERSION = 5.0;
				TARGETED_DEVICE_FAMILY = "1,2";
				TEST_HOST = "$(BUILT_PRODUCTS_DIR)/HelloFormExample.app/HelloFormExample";
			};
			name = Debug;
		};
		552CAE7528A56B0E0074FABE /* Release */ = {
			isa = XCBuildConfiguration;
			buildSettings = {
				ALWAYS_EMBED_SWIFT_STANDARD_LIBRARIES = YES;
				BUNDLE_LOADER = "$(TEST_HOST)";
				CODE_SIGN_STYLE = Automatic;
				CURRENT_PROJECT_VERSION = 1;
				DEVELOPMENT_TEAM = YVUPDJXNRC;
				GENERATE_INFOPLIST_FILE = YES;
				IPHONEOS_DEPLOYMENT_TARGET = 15.4;
				MARKETING_VERSION = 1.0;
				PRODUCT_BUNDLE_IDENTIFIER = com.FelipeVidal.HelloFormExampleTests;
				PRODUCT_NAME = "$(TARGET_NAME)";
				SWIFT_EMIT_LOC_STRINGS = NO;
				SWIFT_VERSION = 5.0;
				TARGETED_DEVICE_FAMILY = "1,2";
				TEST_HOST = "$(BUILT_PRODUCTS_DIR)/HelloFormExample.app/HelloFormExample";
			};
			name = Release;
		};
		552CAE7728A56B0E0074FABE /* Debug */ = {
			isa = XCBuildConfiguration;
			buildSettings = {
				ALWAYS_EMBED_SWIFT_STANDARD_LIBRARIES = YES;
				CODE_SIGN_STYLE = Automatic;
				CURRENT_PROJECT_VERSION = 1;
				DEVELOPMENT_TEAM = YVUPDJXNRC;
				GENERATE_INFOPLIST_FILE = YES;
				IPHONEOS_DEPLOYMENT_TARGET = 15.4;
				MARKETING_VERSION = 1.0;
				PRODUCT_BUNDLE_IDENTIFIER = com.FelipeVidal.HelloFormExampleUITests;
				PRODUCT_NAME = "$(TARGET_NAME)";
				SWIFT_EMIT_LOC_STRINGS = NO;
				SWIFT_VERSION = 5.0;
				TARGETED_DEVICE_FAMILY = "1,2";
				TEST_TARGET_NAME = HelloFormExample;
			};
			name = Debug;
		};
		552CAE7828A56B0E0074FABE /* Release */ = {
			isa = XCBuildConfiguration;
			buildSettings = {
				ALWAYS_EMBED_SWIFT_STANDARD_LIBRARIES = YES;
				CODE_SIGN_STYLE = Automatic;
				CURRENT_PROJECT_VERSION = 1;
				DEVELOPMENT_TEAM = YVUPDJXNRC;
				GENERATE_INFOPLIST_FILE = YES;
				IPHONEOS_DEPLOYMENT_TARGET = 15.4;
				MARKETING_VERSION = 1.0;
				PRODUCT_BUNDLE_IDENTIFIER = com.FelipeVidal.HelloFormExampleUITests;
				PRODUCT_NAME = "$(TARGET_NAME)";
				SWIFT_EMIT_LOC_STRINGS = NO;
				SWIFT_VERSION = 5.0;
				TARGETED_DEVICE_FAMILY = "1,2";
				TEST_TARGET_NAME = HelloFormExample;
			};
			name = Release;
		};
/* End XCBuildConfiguration section */

/* Begin XCConfigurationList section */
		552CAE2528A56AF70074FABE /* Build configuration list for PBXProject "HelloForm" */ = {
			isa = XCConfigurationList;
			buildConfigurations = (
				552CAE3D28A56AF70074FABE /* Debug */,
				552CAE3E28A56AF70074FABE /* Release */,
			);
			defaultConfigurationIsVisible = 0;
			defaultConfigurationName = Release;
		};
		552CAE3F28A56AF70074FABE /* Build configuration list for PBXNativeTarget "HelloForm" */ = {
			isa = XCConfigurationList;
			buildConfigurations = (
				552CAE4028A56AF70074FABE /* Debug */,
				552CAE4128A56AF70074FABE /* Release */,
			);
			defaultConfigurationIsVisible = 0;
			defaultConfigurationName = Release;
		};
		552CAE4228A56AF70074FABE /* Build configuration list for PBXNativeTarget "HelloFormTests" */ = {
			isa = XCConfigurationList;
			buildConfigurations = (
				552CAE4328A56AF70074FABE /* Debug */,
				552CAE4428A56AF70074FABE /* Release */,
			);
			defaultConfigurationIsVisible = 0;
			defaultConfigurationName = Release;
		};
		552CAE7028A56B0E0074FABE /* Build configuration list for PBXNativeTarget "HelloFormExample" */ = {
			isa = XCConfigurationList;
			buildConfigurations = (
				552CAE7128A56B0E0074FABE /* Debug */,
				552CAE7228A56B0E0074FABE /* Release */,
			);
			defaultConfigurationIsVisible = 0;
			defaultConfigurationName = Release;
		};
		552CAE7328A56B0E0074FABE /* Build configuration list for PBXNativeTarget "HelloFormExampleTests" */ = {
			isa = XCConfigurationList;
			buildConfigurations = (
				552CAE7428A56B0E0074FABE /* Debug */,
				552CAE7528A56B0E0074FABE /* Release */,
			);
			defaultConfigurationIsVisible = 0;
			defaultConfigurationName = Release;
		};
		552CAE7628A56B0E0074FABE /* Build configuration list for PBXNativeTarget "HelloFormExampleUITests" */ = {
			isa = XCConfigurationList;
			buildConfigurations = (
				552CAE7728A56B0E0074FABE /* Debug */,
				552CAE7828A56B0E0074FABE /* Release */,
			);
			defaultConfigurationIsVisible = 0;
			defaultConfigurationName = Release;
		};
/* End XCConfigurationList section */
	};
	rootObject = 552CAE2228A56AF70074FABE /* Project object */;
}
